
Microsoft Visual Studio Solution File, Format Version 12.00
# Visual Studio Version 17
VisualStudioVersion = 17.0.31903.59
MinimumVisualStudioVersion = 10.0.40219.1
Project("{FAE04EC0-301F-11D3-BF4B-00C04F79EFBC}") = "Selenium_Test", "Selenium_Test\Selenium_Test.csproj", "{79F1C833-D9A7-458C-A742-1F1BB9E2EE0C}"
EndProject
Global
	GlobalSection(SolutionConfigurationPlatforms) = preSolution
		Debug|Any CPU = Debug|Any CPU
		Release|Any CPU = Release|Any CPU
	EndGlobalSection
	GlobalSection(SolutionProperties) = preSolution
		HideSolutionNode = FALSE
	EndGlobalSection
	GlobalSection(ProjectConfigurationPlatforms) = postSolution
		{79F1C833-D9A7-458C-A742-1F1BB9E2EE0C}.Debug|Any CPU.ActiveCfg = Debug|Any CPU
		{79F1C833-D9A7-458C-A742-1F1BB9E2EE0C}.Debug|Any CPU.Build.0 = Debug|Any CPU
		{79F1C833-D9A7-458C-A742-1F1BB9E2EE0C}.Release|Any CPU.ActiveCfg = Release|Any CPU
		{79F1C833-D9A7-458C-A742-1F1BB9E2EE0C}.Release|Any CPU.Build.0 = Release|Any CPU
	EndGlobalSection
EndGlobal
